
Microsoft Visual Studio Solution File, Format Version 11.00
# Visual Studio 2010
Project("{FAE04EC0-301F-11D3-BF4B-00C04F79EFBC}") = "Skin Installer Ultimate", "Skin Installer Ultimate.csproj", "{94D492C3-FA9E-4453-9F65-A7DE84535D4C}"
EndProject
Project("{FAE04EC0-301F-11D3-BF4B-00C04F79EFBC}") = "ItzWarty", "ThirdParty\ItzWarty\ItzWartyLib\ItzWarty.csproj", "{097B6B08-4034-408A-B3C0-A12E8F9E8893}"
EndProject
Project("{FAE04EC0-301F-11D3-BF4B-00C04F79EFBC}") = "Be.Windows.Forms.HexBox", "ThirdParty\Be.Windows.Forms.HexBox\Be.Windows.Forms.HexBox.csproj", "{26C5F25F-B450-4CAF-AD8B-B8D11AE73457}"
EndProject
Project("{FAE04EC0-301F-11D3-BF4B-00C04F79EFBC}") = "SIURegistry Installer", "SIURegistry Installer\SIURegistry Installer.csproj", "{93628B92-AB46-4BDB-B70E-B158CA861C34}"
EndProject
Project("{FAE04EC0-301F-11D3-BF4B-00C04F79EFBC}") = "ColorSlider", "ThirdParty\ColorSlider\ColorSlider.csproj", "{16E224DC-7FF0-4908-8318-D6A3AC2E797A}"
EndProject
Project("{FAE04EC0-301F-11D3-BF4B-00C04F79EFBC}") = "RAFLib", "ThirdParty\RAFLib\RAFLib.csproj", "{4661A92E-7729-4021-B35F-D5BDA01A79F9}"
EndProject
Project("{FAE04EC0-301F-11D3-BF4B-00C04F79EFBC}") = "RAFManager", "ThirdParty\RAF Manager\RAFManager.csproj", "{298D7AEA-B775-4DD2-ABBB-D8A9C1792B6F}"
EndProject
Project("{FAE04EC0-301F-11D3-BF4B-00C04F79EFBC}") = "MessageForm", "ThirdParty\MessageForm\MessageForm.csproj", "{6E7D9609-B82F-48A9-8E79-7E3340855AD6}"
EndProject
Project("{FAE04EC0-301F-11D3-BF4B-00C04F79EFBC}") = "LOLViewer", "ThirdParty\LOLViewer\LOLViewer.csproj", "{30DAB98B-9CBD-4FEB-808F-144A554AA18C}"
EndProject
Project("{FAE04EC0-301F-11D3-BF4B-00C04F79EFBC}") = "ParticleReferenceForSIU", "ParticleReferenceForSIU\ParticleReferenceForSIU\ParticleReferenceForSIU.csproj", "{7C9BC81B-5AF8-4F48-B059-98543A088758}"
EndProject
Project("{FAE04EC0-301F-11D3-BF4B-00C04F79EFBC}") = "TextEditor", "TextEditor\TextEditor.csproj", "{6087D6FE-BA69-43AF-86FF-D375D28AC980}"
EndProject
Project("{FAE04EC0-301F-11D3-BF4B-00C04F79EFBC}") = "SIU-Updater", "SIU-Updater\SIU-Updater.csproj", "{976F0C06-5254-4B8B-8A4B-5E59C51A1BBF}"
EndProject
Project("{FAE04EC0-301F-11D3-BF4B-00C04F79EFBC}") = "Global Info", "Global Info\Global Info.csproj", "{07450611-C310-4368-92EA-E662680CD79A}"
EndProject
Project("{FAE04EC0-301F-11D3-BF4B-00C04F79EFBC}") = "SIU-Publish", "SIU-Publish\SIU-Publish.csproj", "{B3B8B3CC-507B-4F2D-B4E7-4CDCB9C74D4F}"
EndProject
Project("{FAE04EC0-301F-11D3-BF4B-00C04F79EFBC}") = "NantGoogleCode", "ThirdParty\NantGoogleCode\NantGoogleCode.csproj", "{7D603728-82EA-4291-842C-E7527DF1618E}"
EndProject
Global
	GlobalSection(SolutionConfigurationPlatforms) = preSolution
		ClientProfileRelease|Any CPU = ClientProfileRelease|Any CPU
		ClientProfileRelease|Mixed Platforms = ClientProfileRelease|Mixed Platforms
		ClientProfileRelease|x86 = ClientProfileRelease|x86
		Debug_Nightly|Any CPU = Debug_Nightly|Any CPU
		Debug_Nightly|Mixed Platforms = Debug_Nightly|Mixed Platforms
		Debug_Nightly|x86 = Debug_Nightly|x86
		Debug|Any CPU = Debug|Any CPU
		Debug|Mixed Platforms = Debug|Mixed Platforms
		Debug|x86 = Debug|x86
		Release|Any CPU = Release|Any CPU
		Release|Mixed Platforms = Release|Mixed Platforms
		Release|x86 = Release|x86
	EndGlobalSection
	GlobalSection(ProjectConfigurationPlatforms) = postSolution
		{94D492C3-FA9E-4453-9F65-A7DE84535D4C}.ClientProfileRelease|Any CPU.ActiveCfg = Debug|x86
		{94D492C3-FA9E-4453-9F65-A7DE84535D4C}.ClientProfileRelease|Mixed Platforms.ActiveCfg = Debug|x86
		{94D492C3-FA9E-4453-9F65-A7DE84535D4C}.ClientProfileRelease|Mixed Platforms.Build.0 = Debug|x86
		{94D492C3-FA9E-4453-9F65-A7DE84535D4C}.ClientProfileRelease|x86.ActiveCfg = Debug|x86
		{94D492C3-FA9E-4453-9F65-A7DE84535D4C}.ClientProfileRelease|x86.Build.0 = Debug|x86
		{94D492C3-FA9E-4453-9F65-A7DE84535D4C}.Debug_Nightly|Any CPU.ActiveCfg = Debug|x86
		{94D492C3-FA9E-4453-9F65-A7DE84535D4C}.Debug_Nightly|Mixed Platforms.ActiveCfg = Debug|x86
		{94D492C3-FA9E-4453-9F65-A7DE84535D4C}.Debug_Nightly|Mixed Platforms.Build.0 = Debug|x86
		{94D492C3-FA9E-4453-9F65-A7DE84535D4C}.Debug_Nightly|x86.ActiveCfg = Debug|x86
		{94D492C3-FA9E-4453-9F65-A7DE84535D4C}.Debug_Nightly|x86.Build.0 = Debug|x86
		{94D492C3-FA9E-4453-9F65-A7DE84535D4C}.Debug|Any CPU.ActiveCfg = Debug|x86
		{94D492C3-FA9E-4453-9F65-A7DE84535D4C}.Debug|Mixed Platforms.ActiveCfg = Debug|x86
		{94D492C3-FA9E-4453-9F65-A7DE84535D4C}.Debug|Mixed Platforms.Build.0 = Debug|x86
		{94D492C3-FA9E-4453-9F65-A7DE84535D4C}.Debug|x86.ActiveCfg = Debug|x86
		{94D492C3-FA9E-4453-9F65-A7DE84535D4C}.Debug|x86.Build.0 = Debug|x86
		{94D492C3-FA9E-4453-9F65-A7DE84535D4C}.Release|Any CPU.ActiveCfg = Debug|x86
		{94D492C3-FA9E-4453-9F65-A7DE84535D4C}.Release|Mixed Platforms.ActiveCfg = Debug|x86
		{94D492C3-FA9E-4453-9F65-A7DE84535D4C}.Release|Mixed Platforms.Build.0 = Debug|x86
		{94D492C3-FA9E-4453-9F65-A7DE84535D4C}.Release|x86.ActiveCfg = Debug|x86
		{94D492C3-FA9E-4453-9F65-A7DE84535D4C}.Release|x86.Build.0 = Debug|x86
		{097B6B08-4034-408A-B3C0-A12E8F9E8893}.ClientProfileRelease|Any CPU.ActiveCfg = Release|Any CPU
		{097B6B08-4034-408A-B3C0-A12E8F9E8893}.ClientProfileRelease|Any CPU.Build.0 = Release|Any CPU
		{097B6B08-4034-408A-B3C0-A12E8F9E8893}.ClientProfileRelease|Mixed Platforms.ActiveCfg = Release|Any CPU
		{097B6B08-4034-408A-B3C0-A12E8F9E8893}.ClientProfileRelease|Mixed Platforms.Build.0 = Release|Any CPU
		{097B6B08-4034-408A-B3C0-A12E8F9E8893}.ClientProfileRelease|x86.ActiveCfg = Release|Any CPU
		{097B6B08-4034-408A-B3C0-A12E8F9E8893}.Debug_Nightly|Any CPU.ActiveCfg = Debug_Nightly|Any CPU
		{097B6B08-4034-408A-B3C0-A12E8F9E8893}.Debug_Nightly|Any CPU.Build.0 = Debug_Nightly|Any CPU
		{097B6B08-4034-408A-B3C0-A12E8F9E8893}.Debug_Nightly|Mixed Platforms.ActiveCfg = Debug_Nightly|Any CPU
		{097B6B08-4034-408A-B3C0-A12E8F9E8893}.Debug_Nightly|Mixed Platforms.Build.0 = Debug_Nightly|Any CPU
		{097B6B08-4034-408A-B3C0-A12E8F9E8893}.Debug_Nightly|x86.ActiveCfg = Debug_Nightly|Any CPU
		{097B6B08-4034-408A-B3C0-A12E8F9E8893}.Debug|Any CPU.ActiveCfg = Debug|Any CPU
		{097B6B08-4034-408A-B3C0-A12E8F9E8893}.Debug|Any CPU.Build.0 = Debug|Any CPU
		{097B6B08-4034-408A-B3C0-A12E8F9E8893}.Debug|Mixed Platforms.ActiveCfg = Debug|Any CPU
		{097B6B08-4034-408A-B3C0-A12E8F9E8893}.Debug|Mixed Platforms.Build.0 = Debug|Any CPU
		{097B6B08-4034-408A-B3C0-A12E8F9E8893}.Debug|x86.ActiveCfg = Debug|Any CPU
		{097B6B08-4034-408A-B3C0-A12E8F9E8893}.Release|Any CPU.ActiveCfg = Release|Any CPU
		{097B6B08-4034-408A-B3C0-A12E8F9E8893}.Release|Any CPU.Build.0 = Release|Any CPU
		{097B6B08-4034-408A-B3C0-A12E8F9E8893}.Release|Mixed Platforms.ActiveCfg = Release|Any CPU
		{097B6B08-4034-408A-B3C0-A12E8F9E8893}.Release|Mixed Platforms.Build.0 = Release|Any CPU
		{097B6B08-4034-408A-B3C0-A12E8F9E8893}.Release|x86.ActiveCfg = Release|Any CPU
		{26C5F25F-B450-4CAF-AD8B-B8D11AE73457}.ClientProfileRelease|Any CPU.ActiveCfg = ClientProfileRelease|Any CPU
		{26C5F25F-B450-4CAF-AD8B-B8D11AE73457}.ClientProfileRelease|Any CPU.Build.0 = ClientProfileRelease|Any CPU
		{26C5F25F-B450-4CAF-AD8B-B8D11AE73457}.ClientProfileRelease|Mixed Platforms.ActiveCfg = ClientProfileRelease|Any CPU
		{26C5F25F-B450-4CAF-AD8B-B8D11AE73457}.ClientProfileRelease|Mixed Platforms.Build.0 = ClientProfileRelease|Any CPU
		{26C5F25F-B450-4CAF-AD8B-B8D11AE73457}.ClientProfileRelease|x86.ActiveCfg = ClientProfileRelease|Any CPU
		{26C5F25F-B450-4CAF-AD8B-B8D11AE73457}.Debug_Nightly|Any CPU.ActiveCfg = Debug_Nightly|Any CPU
		{26C5F25F-B450-4CAF-AD8B-B8D11AE73457}.Debug_Nightly|Any CPU.Build.0 = Debug_Nightly|Any CPU
		{26C5F25F-B450-4CAF-AD8B-B8D11AE73457}.Debug_Nightly|Mixed Platforms.ActiveCfg = Debug_Nightly|Any CPU
		{26C5F25F-B450-4CAF-AD8B-B8D11AE73457}.Debug_Nightly|Mixed Platforms.Build.0 = Debug_Nightly|Any CPU
		{26C5F25F-B450-4CAF-AD8B-B8D11AE73457}.Debug_Nightly|x86.ActiveCfg = Debug_Nightly|Any CPU
		{26C5F25F-B450-4CAF-AD8B-B8D11AE73457}.Debug|Any CPU.ActiveCfg = Debug|Any CPU
		{26C5F25F-B450-4CAF-AD8B-B8D11AE73457}.Debug|Any CPU.Build.0 = Debug|Any CPU
		{26C5F25F-B450-4CAF-AD8B-B8D11AE73457}.Debug|Mixed Platforms.ActiveCfg = Debug|Any CPU
		{26C5F25F-B450-4CAF-AD8B-B8D11AE73457}.Debug|Mixed Platforms.Build.0 = Debug|Any CPU
		{26C5F25F-B450-4CAF-AD8B-B8D11AE73457}.Debug|x86.ActiveCfg = Debug|Any CPU
		{26C5F25F-B450-4CAF-AD8B-B8D11AE73457}.Release|Any CPU.ActiveCfg = Release|Any CPU
		{26C5F25F-B450-4CAF-AD8B-B8D11AE73457}.Release|Any CPU.Build.0 = Release|Any CPU
		{26C5F25F-B450-4CAF-AD8B-B8D11AE73457}.Release|Mixed Platforms.ActiveCfg = Release|Any CPU
		{26C5F25F-B450-4CAF-AD8B-B8D11AE73457}.Release|Mixed Platforms.Build.0 = Release|Any CPU
		{26C5F25F-B450-4CAF-AD8B-B8D11AE73457}.Release|x86.ActiveCfg = Release|Any CPU
		{93628B92-AB46-4BDB-B70E-B158CA861C34}.ClientProfileRelease|Any CPU.ActiveCfg = Release|x86
		{93628B92-AB46-4BDB-B70E-B158CA861C34}.ClientProfileRelease|Mixed Platforms.ActiveCfg = Release|x86
		{93628B92-AB46-4BDB-B70E-B158CA861C34}.ClientProfileRelease|Mixed Platforms.Build.0 = Release|x86
		{93628B92-AB46-4BDB-B70E-B158CA861C34}.ClientProfileRelease|x86.ActiveCfg = Release|x86
		{93628B92-AB46-4BDB-B70E-B158CA861C34}.ClientProfileRelease|x86.Build.0 = Release|x86
		{93628B92-AB46-4BDB-B70E-B158CA861C34}.Debug_Nightly|Any CPU.ActiveCfg = Debug|x86
		{93628B92-AB46-4BDB-B70E-B158CA861C34}.Debug_Nightly|Mixed Platforms.ActiveCfg = Debug|x86
		{93628B92-AB46-4BDB-B70E-B158CA861C34}.Debug_Nightly|Mixed Platforms.Build.0 = Debug|x86
		{93628B92-AB46-4BDB-B70E-B158CA861C34}.Debug_Nightly|x86.ActiveCfg = Debug|x86
		{93628B92-AB46-4BDB-B70E-B158CA861C34}.Debug_Nightly|x86.Build.0 = Debug|x86
		{93628B92-AB46-4BDB-B70E-B158CA861C34}.Debug|Any CPU.ActiveCfg = Debug|x86
		{93628B92-AB46-4BDB-B70E-B158CA861C34}.Debug|Mixed Platforms.ActiveCfg = Debug|x86
		{93628B92-AB46-4BDB-B70E-B158CA861C34}.Debug|Mixed Platforms.Build.0 = Debug|x86
		{93628B92-AB46-4BDB-B70E-B158CA861C34}.Debug|x86.ActiveCfg = Debug|x86
		{93628B92-AB46-4BDB-B70E-B158CA861C34}.Debug|x86.Build.0 = Debug|x86
		{93628B92-AB46-4BDB-B70E-B158CA861C34}.Release|Any CPU.ActiveCfg = Release|x86
		{93628B92-AB46-4BDB-B70E-B158CA861C34}.Release|Mixed Platforms.ActiveCfg = Release|x86
		{93628B92-AB46-4BDB-B70E-B158CA861C34}.Release|Mixed Platforms.Build.0 = Release|x86
		{93628B92-AB46-4BDB-B70E-B158CA861C34}.Release|x86.ActiveCfg = Release|x86
		{93628B92-AB46-4BDB-B70E-B158CA861C34}.Release|x86.Build.0 = Release|x86
		{16E224DC-7FF0-4908-8318-D6A3AC2E797A}.ClientProfileRelease|Any CPU.ActiveCfg = Release|Any CPU
		{16E224DC-7FF0-4908-8318-D6A3AC2E797A}.ClientProfileRelease|Any CPU.Build.0 = Release|Any CPU
		{16E224DC-7FF0-4908-8318-D6A3AC2E797A}.ClientProfileRelease|Mixed Platforms.ActiveCfg = Release|Any CPU
		{16E224DC-7FF0-4908-8318-D6A3AC2E797A}.ClientProfileRelease|Mixed Platforms.Build.0 = Release|Any CPU
		{16E224DC-7FF0-4908-8318-D6A3AC2E797A}.ClientProfileRelease|x86.ActiveCfg = Release|Any CPU
		{16E224DC-7FF0-4908-8318-D6A3AC2E797A}.Debug_Nightly|Any CPU.ActiveCfg = Debug|Any CPU
		{16E224DC-7FF0-4908-8318-D6A3AC2E797A}.Debug_Nightly|Any CPU.Build.0 = Debug|Any CPU
		{16E224DC-7FF0-4908-8318-D6A3AC2E797A}.Debug_Nightly|Mixed Platforms.ActiveCfg = Debug|Any CPU
		{16E224DC-7FF0-4908-8318-D6A3AC2E797A}.Debug_Nightly|Mixed Platforms.Build.0 = Debug|Any CPU
		{16E224DC-7FF0-4908-8318-D6A3AC2E797A}.Debug_Nightly|x86.ActiveCfg = Debug|Any CPU
		{16E224DC-7FF0-4908-8318-D6A3AC2E797A}.Debug|Any CPU.ActiveCfg = Debug|Any CPU
		{16E224DC-7FF0-4908-8318-D6A3AC2E797A}.Debug|Any CPU.Build.0 = Debug|Any CPU
		{16E224DC-7FF0-4908-8318-D6A3AC2E797A}.Debug|Mixed Platforms.ActiveCfg = Debug|Any CPU
		{16E224DC-7FF0-4908-8318-D6A3AC2E797A}.Debug|Mixed Platforms.Build.0 = Debug|Any CPU
		{16E224DC-7FF0-4908-8318-D6A3AC2E797A}.Debug|x86.ActiveCfg = Debug|Any CPU
		{16E224DC-7FF0-4908-8318-D6A3AC2E797A}.Release|Any CPU.ActiveCfg = Release|Any CPU
		{16E224DC-7FF0-4908-8318-D6A3AC2E797A}.Release|Any CPU.Build.0 = Release|Any CPU
		{16E224DC-7FF0-4908-8318-D6A3AC2E797A}.Release|Mixed Platforms.ActiveCfg = Release|Any CPU
		{16E224DC-7FF0-4908-8318-D6A3AC2E797A}.Release|Mixed Platforms.Build.0 = Release|Any CPU
		{16E224DC-7FF0-4908-8318-D6A3AC2E797A}.Release|x86.ActiveCfg = Release|Any CPU
		{4661A92E-7729-4021-B35F-D5BDA01A79F9}.ClientProfileRelease|Any CPU.ActiveCfg = Release|x86
		{4661A92E-7729-4021-B35F-D5BDA01A79F9}.ClientProfileRelease|Mixed Platforms.ActiveCfg = Release|x86
		{4661A92E-7729-4021-B35F-D5BDA01A79F9}.ClientProfileRelease|Mixed Platforms.Build.0 = Release|x86
		{4661A92E-7729-4021-B35F-D5BDA01A79F9}.ClientProfileRelease|x86.ActiveCfg = Release|x86
		{4661A92E-7729-4021-B35F-D5BDA01A79F9}.ClientProfileRelease|x86.Build.0 = Release|x86
		{4661A92E-7729-4021-B35F-D5BDA01A79F9}.Debug_Nightly|Any CPU.ActiveCfg = Debug_Nightly|x86
		{4661A92E-7729-4021-B35F-D5BDA01A79F9}.Debug_Nightly|Mixed Platforms.ActiveCfg = Debug_Nightly|x86
		{4661A92E-7729-4021-B35F-D5BDA01A79F9}.Debug_Nightly|Mixed Platforms.Build.0 = Debug_Nightly|x86
		{4661A92E-7729-4021-B35F-D5BDA01A79F9}.Debug_Nightly|x86.ActiveCfg = Debug_Nightly|x86
		{4661A92E-7729-4021-B35F-D5BDA01A79F9}.Debug_Nightly|x86.Build.0 = Debug_Nightly|x86
		{4661A92E-7729-4021-B35F-D5BDA01A79F9}.Debug|Any CPU.ActiveCfg = Debug|x86
		{4661A92E-7729-4021-B35F-D5BDA01A79F9}.Debug|Mixed Platforms.ActiveCfg = Debug|x86
		{4661A92E-7729-4021-B35F-D5BDA01A79F9}.Debug|Mixed Platforms.Build.0 = Debug|x86
		{4661A92E-7729-4021-B35F-D5BDA01A79F9}.Debug|x86.ActiveCfg = Debug|x86
		{4661A92E-7729-4021-B35F-D5BDA01A79F9}.Debug|x86.Build.0 = Debug|x86
		{4661A92E-7729-4021-B35F-D5BDA01A79F9}.Release|Any CPU.ActiveCfg = Release|x86
		{4661A92E-7729-4021-B35F-D5BDA01A79F9}.Release|Mixed Platforms.ActiveCfg = Release|x86
		{4661A92E-7729-4021-B35F-D5BDA01A79F9}.Release|Mixed Platforms.Build.0 = Release|x86
		{4661A92E-7729-4021-B35F-D5BDA01A79F9}.Release|x86.ActiveCfg = Release|x86
		{4661A92E-7729-4021-B35F-D5BDA01A79F9}.Release|x86.Build.0 = Release|x86
		{298D7AEA-B775-4DD2-ABBB-D8A9C1792B6F}.ClientProfileRelease|Any CPU.ActiveCfg = Release|x86
		{298D7AEA-B775-4DD2-ABBB-D8A9C1792B6F}.ClientProfileRelease|Mixed Platforms.ActiveCfg = Release|x86
		{298D7AEA-B775-4DD2-ABBB-D8A9C1792B6F}.ClientProfileRelease|Mixed Platforms.Build.0 = Release|x86
		{298D7AEA-B775-4DD2-ABBB-D8A9C1792B6F}.ClientProfileRelease|x86.ActiveCfg = Release|x86
		{298D7AEA-B775-4DD2-ABBB-D8A9C1792B6F}.ClientProfileRelease|x86.Build.0 = Release|x86
		{298D7AEA-B775-4DD2-ABBB-D8A9C1792B6F}.Debug_Nightly|Any CPU.ActiveCfg = Debug|x86
		{298D7AEA-B775-4DD2-ABBB-D8A9C1792B6F}.Debug_Nightly|Mixed Platforms.ActiveCfg = Debug|x86
		{298D7AEA-B775-4DD2-ABBB-D8A9C1792B6F}.Debug_Nightly|Mixed Platforms.Build.0 = Debug|x86
		{298D7AEA-B775-4DD2-ABBB-D8A9C1792B6F}.Debug_Nightly|x86.ActiveCfg = Debug|x86
		{298D7AEA-B775-4DD2-ABBB-D8A9C1792B6F}.Debug_Nightly|x86.Build.0 = Debug|x86
		{298D7AEA-B775-4DD2-ABBB-D8A9C1792B6F}.Debug|Any CPU.ActiveCfg = Debug|x86
		{298D7AEA-B775-4DD2-ABBB-D8A9C1792B6F}.Debug|Mixed Platforms.ActiveCfg = Debug|x86
		{298D7AEA-B775-4DD2-ABBB-D8A9C1792B6F}.Debug|Mixed Platforms.Build.0 = Debug|x86
		{298D7AEA-B775-4DD2-ABBB-D8A9C1792B6F}.Debug|x86.ActiveCfg = Debug|x86
		{298D7AEA-B775-4DD2-ABBB-D8A9C1792B6F}.Debug|x86.Build.0 = Debug|x86
		{298D7AEA-B775-4DD2-ABBB-D8A9C1792B6F}.Release|Any CPU.ActiveCfg = Release|x86
		{298D7AEA-B775-4DD2-ABBB-D8A9C1792B6F}.Release|Mixed Platforms.ActiveCfg = Release|x86
		{298D7AEA-B775-4DD2-ABBB-D8A9C1792B6F}.Release|Mixed Platforms.Build.0 = Release|x86
		{298D7AEA-B775-4DD2-ABBB-D8A9C1792B6F}.Release|x86.ActiveCfg = Release|x86
		{298D7AEA-B775-4DD2-ABBB-D8A9C1792B6F}.Release|x86.Build.0 = Release|x86
		{6E7D9609-B82F-48A9-8E79-7E3340855AD6}.ClientProfileRelease|Any CPU.ActiveCfg = Release|Any CPU
		{6E7D9609-B82F-48A9-8E79-7E3340855AD6}.ClientProfileRelease|Any CPU.Build.0 = Release|Any CPU
		{6E7D9609-B82F-48A9-8E79-7E3340855AD6}.ClientProfileRelease|Mixed Platforms.ActiveCfg = Release|Any CPU
		{6E7D9609-B82F-48A9-8E79-7E3340855AD6}.ClientProfileRelease|Mixed Platforms.Build.0 = Release|Any CPU
		{6E7D9609-B82F-48A9-8E79-7E3340855AD6}.ClientProfileRelease|x86.ActiveCfg = Release|Any CPU
		{6E7D9609-B82F-48A9-8E79-7E3340855AD6}.Debug_Nightly|Any CPU.ActiveCfg = Debug|Any CPU
		{6E7D9609-B82F-48A9-8E79-7E3340855AD6}.Debug_Nightly|Any CPU.Build.0 = Debug|Any CPU
		{6E7D9609-B82F-48A9-8E79-7E3340855AD6}.Debug_Nightly|Mixed Platforms.ActiveCfg = Debug|Any CPU
		{6E7D9609-B82F-48A9-8E79-7E3340855AD6}.Debug_Nightly|Mixed Platforms.Build.0 = Debug|Any CPU
		{6E7D9609-B82F-48A9-8E79-7E3340855AD6}.Debug_Nightly|x86.ActiveCfg = Debug|Any CPU
		{6E7D9609-B82F-48A9-8E79-7E3340855AD6}.Debug|Any CPU.ActiveCfg = Debug|Any CPU
		{6E7D9609-B82F-48A9-8E79-7E3340855AD6}.Debug|Any CPU.Build.0 = Debug|Any CPU
		{6E7D9609-B82F-48A9-8E79-7E3340855AD6}.Debug|Mixed Platforms.ActiveCfg = Debug|Any CPU
		{6E7D9609-B82F-48A9-8E79-7E3340855AD6}.Debug|Mixed Platforms.Build.0 = Debug|Any CPU
		{6E7D9609-B82F-48A9-8E79-7E3340855AD6}.Debug|x86.ActiveCfg = Debug|Any CPU
		{6E7D9609-B82F-48A9-8E79-7E3340855AD6}.Release|Any CPU.ActiveCfg = Release|Any CPU
		{6E7D9609-B82F-48A9-8E79-7E3340855AD6}.Release|Any CPU.Build.0 = Release|Any CPU
		{6E7D9609-B82F-48A9-8E79-7E3340855AD6}.Release|Mixed Platforms.ActiveCfg = Release|Any CPU
		{6E7D9609-B82F-48A9-8E79-7E3340855AD6}.Release|Mixed Platforms.Build.0 = Release|Any CPU
		{6E7D9609-B82F-48A9-8E79-7E3340855AD6}.Release|x86.ActiveCfg = Release|Any CPU
		{30DAB98B-9CBD-4FEB-808F-144A554AA18C}.ClientProfileRelease|Any CPU.ActiveCfg = Release|x86
		{30DAB98B-9CBD-4FEB-808F-144A554AA18C}.ClientProfileRelease|Mixed Platforms.ActiveCfg = Release|x86
		{30DAB98B-9CBD-4FEB-808F-144A554AA18C}.ClientProfileRelease|Mixed Platforms.Build.0 = Release|x86
		{30DAB98B-9CBD-4FEB-808F-144A554AA18C}.ClientProfileRelease|x86.ActiveCfg = Release|x86
		{30DAB98B-9CBD-4FEB-808F-144A554AA18C}.ClientProfileRelease|x86.Build.0 = Release|x86
		{30DAB98B-9CBD-4FEB-808F-144A554AA18C}.Debug_Nightly|Any CPU.ActiveCfg = Debug|x86
		{30DAB98B-9CBD-4FEB-808F-144A554AA18C}.Debug_Nightly|Mixed Platforms.ActiveCfg = Debug|x86
		{30DAB98B-9CBD-4FEB-808F-144A554AA18C}.Debug_Nightly|Mixed Platforms.Build.0 = Debug|x86
		{30DAB98B-9CBD-4FEB-808F-144A554AA18C}.Debug_Nightly|x86.ActiveCfg = Debug|x86
		{30DAB98B-9CBD-4FEB-808F-144A554AA18C}.Debug_Nightly|x86.Build.0 = Debug|x86
		{30DAB98B-9CBD-4FEB-808F-144A554AA18C}.Debug|Any CPU.ActiveCfg = Debug|x86
		{30DAB98B-9CBD-4FEB-808F-144A554AA18C}.Debug|Mixed Platforms.ActiveCfg = Debug|x86
		{30DAB98B-9CBD-4FEB-808F-144A554AA18C}.Debug|Mixed Platforms.Build.0 = Debug|x86
		{30DAB98B-9CBD-4FEB-808F-144A554AA18C}.Debug|x86.ActiveCfg = Debug|x86
		{30DAB98B-9CBD-4FEB-808F-144A554AA18C}.Debug|x86.Build.0 = Debug|x86
		{30DAB98B-9CBD-4FEB-808F-144A554AA18C}.Release|Any CPU.ActiveCfg = Release|x86
		{30DAB98B-9CBD-4FEB-808F-144A554AA18C}.Release|Mixed Platforms.ActiveCfg = Release|x86
		{30DAB98B-9CBD-4FEB-808F-144A554AA18C}.Release|Mixed Platforms.Build.0 = Release|x86
		{30DAB98B-9CBD-4FEB-808F-144A554AA18C}.Release|x86.ActiveCfg = Release|x86
		{30DAB98B-9CBD-4FEB-808F-144A554AA18C}.Release|x86.Build.0 = Release|x86
		{7C9BC81B-5AF8-4F48-B059-98543A088758}.ClientProfileRelease|Any CPU.ActiveCfg = Release|x86
		{7C9BC81B-5AF8-4F48-B059-98543A088758}.ClientProfileRelease|Mixed Platforms.ActiveCfg = Release|x86
		{7C9BC81B-5AF8-4F48-B059-98543A088758}.ClientProfileRelease|Mixed Platforms.Build.0 = Release|x86
		{7C9BC81B-5AF8-4F48-B059-98543A088758}.ClientProfileRelease|x86.ActiveCfg = Release|x86
		{7C9BC81B-5AF8-4F48-B059-98543A088758}.ClientProfileRelease|x86.Build.0 = Release|x86
		{7C9BC81B-5AF8-4F48-B059-98543A088758}.Debug_Nightly|Any CPU.ActiveCfg = Debug|x86
		{7C9BC81B-5AF8-4F48-B059-98543A088758}.Debug_Nightly|Mixed Platforms.ActiveCfg = Debug|x86
		{7C9BC81B-5AF8-4F48-B059-98543A088758}.Debug_Nightly|Mixed Platforms.Build.0 = Debug|x86
		{7C9BC81B-5AF8-4F48-B059-98543A088758}.Debug_Nightly|x86.ActiveCfg = Debug|x86
		{7C9BC81B-5AF8-4F48-B059-98543A088758}.Debug_Nightly|x86.Build.0 = Debug|x86
		{7C9BC81B-5AF8-4F48-B059-98543A088758}.Debug|Any CPU.ActiveCfg = Debug|x86
		{7C9BC81B-5AF8-4F48-B059-98543A088758}.Debug|Mixed Platforms.ActiveCfg = Debug|x86
		{7C9BC81B-5AF8-4F48-B059-98543A088758}.Debug|Mixed Platforms.Build.0 = Debug|x86
		{7C9BC81B-5AF8-4F48-B059-98543A088758}.Debug|x86.ActiveCfg = Debug|x86
		{7C9BC81B-5AF8-4F48-B059-98543A088758}.Debug|x86.Build.0 = Debug|x86
		{7C9BC81B-5AF8-4F48-B059-98543A088758}.Release|Any CPU.ActiveCfg = Release|x86
		{7C9BC81B-5AF8-4F48-B059-98543A088758}.Release|Mixed Platforms.ActiveCfg = Release|x86
		{7C9BC81B-5AF8-4F48-B059-98543A088758}.Release|Mixed Platforms.Build.0 = Release|x86
		{7C9BC81B-5AF8-4F48-B059-98543A088758}.Release|x86.ActiveCfg = Release|x86
		{7C9BC81B-5AF8-4F48-B059-98543A088758}.Release|x86.Build.0 = Release|x86
		{6087D6FE-BA69-43AF-86FF-D375D28AC980}.ClientProfileRelease|Any CPU.ActiveCfg = Release|x86
		{6087D6FE-BA69-43AF-86FF-D375D28AC980}.ClientProfileRelease|Mixed Platforms.ActiveCfg = Release|x86
		{6087D6FE-BA69-43AF-86FF-D375D28AC980}.ClientProfileRelease|Mixed Platforms.Build.0 = Release|x86
		{6087D6FE-BA69-43AF-86FF-D375D28AC980}.ClientProfileRelease|x86.ActiveCfg = Release|x86
		{6087D6FE-BA69-43AF-86FF-D375D28AC980}.ClientProfileRelease|x86.Build.0 = Release|x86
		{6087D6FE-BA69-43AF-86FF-D375D28AC980}.Debug_Nightly|Any CPU.ActiveCfg = Debug|x86
		{6087D6FE-BA69-43AF-86FF-D375D28AC980}.Debug_Nightly|Mixed Platforms.ActiveCfg = Debug|x86
		{6087D6FE-BA69-43AF-86FF-D375D28AC980}.Debug_Nightly|Mixed Platforms.Build.0 = Debug|x86
		{6087D6FE-BA69-43AF-86FF-D375D28AC980}.Debug_Nightly|x86.ActiveCfg = Debug|x86
		{6087D6FE-BA69-43AF-86FF-D375D28AC980}.Debug_Nightly|x86.Build.0 = Debug|x86
		{6087D6FE-BA69-43AF-86FF-D375D28AC980}.Debug|Any CPU.ActiveCfg = Debug|x86
		{6087D6FE-BA69-43AF-86FF-D375D28AC980}.Debug|Mixed Platforms.ActiveCfg = Debug|x86
		{6087D6FE-BA69-43AF-86FF-D375D28AC980}.Debug|Mixed Platforms.Build.0 = Debug|x86
		{6087D6FE-BA69-43AF-86FF-D375D28AC980}.Debug|x86.ActiveCfg = Debug|x86
		{6087D6FE-BA69-43AF-86FF-D375D28AC980}.Debug|x86.Build.0 = Debug|x86
		{6087D6FE-BA69-43AF-86FF-D375D28AC980}.Release|Any CPU.ActiveCfg = Release|x86
		{6087D6FE-BA69-43AF-86FF-D375D28AC980}.Release|Mixed Platforms.ActiveCfg = Release|x86
		{6087D6FE-BA69-43AF-86FF-D375D28AC980}.Release|Mixed Platforms.Build.0 = Release|x86
		{6087D6FE-BA69-43AF-86FF-D375D28AC980}.Release|x86.ActiveCfg = Release|x86
		{6087D6FE-BA69-43AF-86FF-D375D28AC980}.Release|x86.Build.0 = Release|x86
		{976F0C06-5254-4B8B-8A4B-5E59C51A1BBF}.ClientProfileRelease|Any CPU.ActiveCfg = Release|x86
		{976F0C06-5254-4B8B-8A4B-5E59C51A1BBF}.ClientProfileRelease|Mixed Platforms.ActiveCfg = Release|x86
		{976F0C06-5254-4B8B-8A4B-5E59C51A1BBF}.ClientProfileRelease|Mixed Platforms.Build.0 = Release|x86
		{976F0C06-5254-4B8B-8A4B-5E59C51A1BBF}.ClientProfileRelease|x86.ActiveCfg = Release|x86
		{976F0C06-5254-4B8B-8A4B-5E59C51A1BBF}.ClientProfileRelease|x86.Build.0 = Release|x86
		{976F0C06-5254-4B8B-8A4B-5E59C51A1BBF}.Debug_Nightly|Any CPU.ActiveCfg = Debug|x86
		{976F0C06-5254-4B8B-8A4B-5E59C51A1BBF}.Debug_Nightly|Mixed Platforms.ActiveCfg = Debug|x86
		{976F0C06-5254-4B8B-8A4B-5E59C51A1BBF}.Debug_Nightly|Mixed Platforms.Build.0 = Debug|x86
		{976F0C06-5254-4B8B-8A4B-5E59C51A1BBF}.Debug_Nightly|x86.ActiveCfg = Debug|x86
		{976F0C06-5254-4B8B-8A4B-5E59C51A1BBF}.Debug_Nightly|x86.Build.0 = Debug|x86
		{976F0C06-5254-4B8B-8A4B-5E59C51A1BBF}.Debug|Any CPU.ActiveCfg = Debug|x86
		{976F0C06-5254-4B8B-8A4B-5E59C51A1BBF}.Debug|Mixed Platforms.ActiveCfg = Debug|x86
		{976F0C06-5254-4B8B-8A4B-5E59C51A1BBF}.Debug|Mixed Platforms.Build.0 = Debug|x86
		{976F0C06-5254-4B8B-8A4B-5E59C51A1BBF}.Debug|x86.ActiveCfg = Debug|x86
		{976F0C06-5254-4B8B-8A4B-5E59C51A1BBF}.Debug|x86.Build.0 = Debug|x86
		{976F0C06-5254-4B8B-8A4B-5E59C51A1BBF}.Release|Any CPU.ActiveCfg = Release|x86
		{976F0C06-5254-4B8B-8A4B-5E59C51A1BBF}.Release|Mixed Platforms.ActiveCfg = Release|x86
		{976F0C06-5254-4B8B-8A4B-5E59C51A1BBF}.Release|Mixed Platforms.Build.0 = Release|x86
		{976F0C06-5254-4B8B-8A4B-5E59C51A1BBF}.Release|x86.ActiveCfg = Release|x86
		{976F0C06-5254-4B8B-8A4B-5E59C51A1BBF}.Release|x86.Build.0 = Release|x86
		{07450611-C310-4368-92EA-E662680CD79A}.ClientProfileRelease|Any CPU.ActiveCfg = Release|Any CPU
		{07450611-C310-4368-92EA-E662680CD79A}.ClientProfileRelease|Any CPU.Build.0 = Release|Any CPU
		{07450611-C310-4368-92EA-E662680CD79A}.ClientProfileRelease|Mixed Platforms.ActiveCfg = Release|Any CPU
		{07450611-C310-4368-92EA-E662680CD79A}.ClientProfileRelease|Mixed Platforms.Build.0 = Release|Any CPU
		{07450611-C310-4368-92EA-E662680CD79A}.ClientProfileRelease|x86.ActiveCfg = Release|Any CPU
		{07450611-C310-4368-92EA-E662680CD79A}.Debug_Nightly|Any CPU.ActiveCfg = Debug|Any CPU
		{07450611-C310-4368-92EA-E662680CD79A}.Debug_Nightly|Any CPU.Build.0 = Debug|Any CPU
		{07450611-C310-4368-92EA-E662680CD79A}.Debug_Nightly|Mixed Platforms.ActiveCfg = Debug|Any CPU
		{07450611-C310-4368-92EA-E662680CD79A}.Debug_Nightly|Mixed Platforms.Build.0 = Debug|Any CPU
		{07450611-C310-4368-92EA-E662680CD79A}.Debug_Nightly|x86.ActiveCfg = Debug|Any CPU
		{07450611-C310-4368-92EA-E662680CD79A}.Debug|Any CPU.ActiveCfg = Debug|Any CPU
		{07450611-C310-4368-92EA-E662680CD79A}.Debug|Any CPU.Build.0 = Debug|Any CPU
		{07450611-C310-4368-92EA-E662680CD79A}.Debug|Mixed Platforms.ActiveCfg = Debug|Any CPU
		{07450611-C310-4368-92EA-E662680CD79A}.Debug|Mixed Platforms.Build.0 = Debug|Any CPU
		{07450611-C310-4368-92EA-E662680CD79A}.Debug|x86.ActiveCfg = Debug|Any CPU
		{07450611-C310-4368-92EA-E662680CD79A}.Release|Any CPU.ActiveCfg = Release|Any CPU
		{07450611-C310-4368-92EA-E662680CD79A}.Release|Any CPU.Build.0 = Release|Any CPU
		{07450611-C310-4368-92EA-E662680CD79A}.Release|Mixed Platforms.ActiveCfg = Release|Any CPU
		{07450611-C310-4368-92EA-E662680CD79A}.Release|Mixed Platforms.Build.0 = Release|Any CPU
		{07450611-C310-4368-92EA-E662680CD79A}.Release|x86.ActiveCfg = Release|Any CPU
		{B3B8B3CC-507B-4F2D-B4E7-4CDCB9C74D4F}.ClientProfileRelease|Any CPU.ActiveCfg = Release|x86
		{B3B8B3CC-507B-4F2D-B4E7-4CDCB9C74D4F}.ClientProfileRelease|Mixed Platforms.ActiveCfg = Release|x86
		{B3B8B3CC-507B-4F2D-B4E7-4CDCB9C74D4F}.ClientProfileRelease|Mixed Platforms.Build.0 = Release|x86
		{B3B8B3CC-507B-4F2D-B4E7-4CDCB9C74D4F}.ClientProfileRelease|x86.ActiveCfg = Release|x86
		{B3B8B3CC-507B-4F2D-B4E7-4CDCB9C74D4F}.ClientProfileRelease|x86.Build.0 = Release|x86
		{B3B8B3CC-507B-4F2D-B4E7-4CDCB9C74D4F}.Debug_Nightly|Any CPU.ActiveCfg = Debug|x86
		{B3B8B3CC-507B-4F2D-B4E7-4CDCB9C74D4F}.Debug_Nightly|Mixed Platforms.ActiveCfg = Debug|x86
		{B3B8B3CC-507B-4F2D-B4E7-4CDCB9C74D4F}.Debug_Nightly|Mixed Platforms.Build.0 = Debug|x86
		{B3B8B3CC-507B-4F2D-B4E7-4CDCB9C74D4F}.Debug_Nightly|x86.ActiveCfg = Debug|x86
		{B3B8B3CC-507B-4F2D-B4E7-4CDCB9C74D4F}.Debug_Nightly|x86.Build.0 = Debug|x86
		{B3B8B3CC-507B-4F2D-B4E7-4CDCB9C74D4F}.Debug|Any CPU.ActiveCfg = Debug|x86
		{B3B8B3CC-507B-4F2D-B4E7-4CDCB9C74D4F}.Debug|Mixed Platforms.ActiveCfg = Debug|x86
		{B3B8B3CC-507B-4F2D-B4E7-4CDCB9C74D4F}.Debug|Mixed Platforms.Build.0 = Debug|x86
		{B3B8B3CC-507B-4F2D-B4E7-4CDCB9C74D4F}.Debug|x86.ActiveCfg = Debug|x86
		{B3B8B3CC-507B-4F2D-B4E7-4CDCB9C74D4F}.Debug|x86.Build.0 = Debug|x86
		{B3B8B3CC-507B-4F2D-B4E7-4CDCB9C74D4F}.Release|Any CPU.ActiveCfg = Release|x86
		{B3B8B3CC-507B-4F2D-B4E7-4CDCB9C74D4F}.Release|Mixed Platforms.ActiveCfg = Release|x86
		{B3B8B3CC-507B-4F2D-B4E7-4CDCB9C74D4F}.Release|Mixed Platforms.Build.0 = Release|x86
		{B3B8B3CC-507B-4F2D-B4E7-4CDCB9C74D4F}.Release|x86.ActiveCfg = Release|x86
		{B3B8B3CC-507B-4F2D-B4E7-4CDCB9C74D4F}.Release|x86.Build.0 = Release|x86
		{7D603728-82EA-4291-842C-E7527DF1618E}.ClientProfileRelease|Any CPU.ActiveCfg = Release|Any CPU
		{7D603728-82EA-4291-842C-E7527DF1618E}.ClientProfileRelease|Any CPU.Build.0 = Release|Any CPU
		{7D603728-82EA-4291-842C-E7527DF1618E}.ClientProfileRelease|Mixed Platforms.ActiveCfg = Release|Any CPU
		{7D603728-82EA-4291-842C-E7527DF1618E}.ClientProfileRelease|Mixed Platforms.Build.0 = Release|Any CPU
		{7D603728-82EA-4291-842C-E7527DF1618E}.ClientProfileRelease|x86.ActiveCfg = Release|Any CPU
		{7D603728-82EA-4291-842C-E7527DF1618E}.Debug_Nightly|Any CPU.ActiveCfg = Debug|Any CPU
		{7D603728-82EA-4291-842C-E7527DF1618E}.Debug_Nightly|Any CPU.Build.0 = Debug|Any CPU
		{7D603728-82EA-4291-842C-E7527DF1618E}.Debug_Nightly|Mixed Platforms.ActiveCfg = Debug|Any CPU
		{7D603728-82EA-4291-842C-E7527DF1618E}.Debug_Nightly|Mixed Platforms.Build.0 = Debug|Any CPU
		{7D603728-82EA-4291-842C-E7527DF1618E}.Debug_Nightly|x86.ActiveCfg = Debug|Any CPU
		{7D603728-82EA-4291-842C-E7527DF1618E}.Debug|Any CPU.ActiveCfg = Debug|Any CPU
		{7D603728-82EA-4291-842C-E7527DF1618E}.Debug|Any CPU.Build.0 = Debug|Any CPU
		{7D603728-82EA-4291-842C-E7527DF1618E}.Debug|Mixed Platforms.ActiveCfg = Debug|Any CPU
		{7D603728-82EA-4291-842C-E7527DF1618E}.Debug|Mixed Platforms.Build.0 = Debug|Any CPU
		{7D603728-82EA-4291-842C-E7527DF1618E}.Debug|x86.ActiveCfg = Debug|Any CPU
		{7D603728-82EA-4291-842C-E7527DF1618E}.Release|Any CPU.ActiveCfg = Release|Any CPU
		{7D603728-82EA-4291-842C-E7527DF1618E}.Release|Any CPU.Build.0 = Release|Any CPU
		{7D603728-82EA-4291-842C-E7527DF1618E}.Release|Mixed Platforms.ActiveCfg = Release|Any CPU
		{7D603728-82EA-4291-842C-E7527DF1618E}.Release|Mixed Platforms.Build.0 = Release|Any CPU
		{7D603728-82EA-4291-842C-E7527DF1618E}.Release|x86.ActiveCfg = Release|Any CPU
	EndGlobalSection
	GlobalSection(SolutionProperties) = preSolution
		HideSolutionNode = FALSE
	EndGlobalSection
EndGlobal
